
Microsoft Visual Studio Solution File, Format Version 12.00
# Visual Studio 14
VisualStudioVersion = 14.0.25420.1
MinimumVisualStudioVersion = 10.0.40219.1
Project("{8BC9CEB8-8B4A-11D0-8D11-00A0C91BC942}") = "1 Two Sum", "1 Two Sum\1 Two Sum.vcxproj", "{4FAEB6A0-CBBC-4619-96C5-3757CAE0F152}"
EndProject
Project("{8BC9CEB8-8B4A-11D0-8D11-00A0C91BC942}") = "14 Longest Common Prefix", "14 Longest Common Prefix\14 Longest Common Prefix.vcxproj", "{B4CC6A95-0570-4FD9-8BD9-F2D6EBBF3526}"
EndProject
Project("{8BC9CEB8-8B4A-11D0-8D11-00A0C91BC942}") = "153 Find Minimum in Rotated Sorted Array", "153 Find Minimum in Rotated Sorted Array\153 Find Minimum in Rotated Sorted Array.vcxproj", "{5688B67E-EF18-4427-A78E-009A994A738E}"
EndProject
Project("{8BC9CEB8-8B4A-11D0-8D11-00A0C91BC942}") = "49 Group Anagrams", "49 Group Anagrams\49 Group Anagrams.vcxproj", "{AED562E9-4546-4812-A8E4-2DDAC43B1F98}"
EndProject
Project("{8BC9CEB8-8B4A-11D0-8D11-00A0C91BC942}") = "205 Isomorphic Strings", "205 Isomorphic Strings\205 Isomorphic Strings.vcxproj", "{FF937CC7-E140-448B-98AC-2A8F6CB69708}"
EndProject
Project("{8BC9CEB8-8B4A-11D0-8D11-00A0C91BC942}") = "318 Maximum Product of Word Lengths", "318 Maximum Product of Word Lengths\318 Maximum Product of Word Lengths.vcxproj", "{EF996005-2FBD-4287-AD83-4B0F5514FF4C}"
EndProject
Project("{8BC9CEB8-8B4A-11D0-8D11-00A0C91BC942}") = "26 Remove Duplicates from Sorted Array", "26 Remove Duplicates from Sorted Array\26 Remove Duplicates from Sorted Array.vcxproj", "{A03CAE98-ECD5-4400-A540-FCBC0CF35E3F}"
EndProject
Project("{8BC9CEB8-8B4A-11D0-8D11-00A0C91BC942}") = "169 Majority Element", "169 Majority Element\169 Majority Element.vcxproj", "{A1506845-3906-4D2A-975D-D595E5692FBA}"
EndProject
Project("{8BC9CEB8-8B4A-11D0-8D11-00A0C91BC942}") = "20 Valid Parentheses", "20 Valid Parentheses\20 Valid Parentheses.vcxproj", "{7250B98C-41AB-4E69-8CCB-489144D26F75}"
EndProject
Project("{8BC9CEB8-8B4A-11D0-8D11-00A0C91BC942}") = "397 Integer Replacement", "397 Integer Replacement\397 Integer Replacement.vcxproj", "{BEDF6D8D-6592-4EE7-9106-BAD66B637BD9}"
EndProject
Project("{8BC9CEB8-8B4A-11D0-8D11-00A0C91BC942}") = "102 Binary Tree Level Order Traversal", "102 Binary Tree Level Order Traversal\102 Binary Tree Level Order Traversal.vcxproj", "{BD811B60-FA5D-4D65-ACE4-E751A7D5B570}"
EndProject
Project("{8BC9CEB8-8B4A-11D0-8D11-00A0C91BC942}") = "2 Add Two Numbers", "2 Add Two Numbers\2 Add Two Numbers.vcxproj", "{E3F6715C-2AA8-4B08-A9DC-4635FBC2A8CB}"
EndProject
Project("{8BC9CEB8-8B4A-11D0-8D11-00A0C91BC942}") = "219 Contains Duplicate II", "219 Contains Duplicate II\219 Contains Duplicate II.vcxproj", "{8CBBAFFA-AC6A-42C5-9C4A-352C4B1DA24A}"
EndProject
Project("{8BC9CEB8-8B4A-11D0-8D11-00A0C91BC942}") = "62 Unique Paths", "62 Unique Paths\62 Unique Paths.vcxproj", "{68322C90-E784-4C3E-94D7-ED2F20193405}"
EndProject
Project("{8BC9CEB8-8B4A-11D0-8D11-00A0C91BC942}") = "400 Nth Digit", "400 Nth Digit\400 Nth Digit.vcxproj", "{78F60DB7-05EA-4981-A704-ECDE7431FAE0}"
EndProject
Project("{8BC9CEB8-8B4A-11D0-8D11-00A0C91BC942}") = "113 Path Sum II", "113 Path Sum II\113 Path Sum II.vcxproj", "{EBF686A5-D4FB-4176-81CD-9DA445661E4E}"
EndProject
Project("{8BC9CEB8-8B4A-11D0-8D11-00A0C91BC942}") = "141 Linked List Cycle", "141 Linked List Cycle\141 Linked List Cycle.vcxproj", "{2A7454F0-1F20-4F3A-B53E-10D3EE0135DC}"
EndProject
Project("{8BC9CEB8-8B4A-11D0-8D11-00A0C91BC942}") = "142 Linked List Cycle II", "142 Linked List Cycle II\142 Linked List Cycle II.vcxproj", "{0B5C09A4-9470-4E99-BD51-C7C5F879EE58}"
EndProject
Project("{8BC9CEB8-8B4A-11D0-8D11-00A0C91BC942}") = "94 Binary Tree Inorder Traversal", "94 Binary Tree Inorder Traversal\94 Binary Tree Inorder Traversal.vcxproj", "{7820F62B-70C9-4B43-880F-D0720BC5B55A}"
EndProject
Project("{8BC9CEB8-8B4A-11D0-8D11-00A0C91BC942}") = "112 Path Sum", "112 Path Sum\112 Path Sum.vcxproj", "{7FF87F27-5AEB-42F3-AA13-E620E71C73A4}"
EndProject
Project("{8BC9CEB8-8B4A-11D0-8D11-00A0C91BC942}") = "217 Contains Duplicate", "217 Contains Duplicate\217 Contains Duplicate.vcxproj", "{EF34D2F6-A4EF-4905-BD81-E11D602A8C03}"
EndProject
Project("{8BC9CEB8-8B4A-11D0-8D11-00A0C91BC942}") = "118 Pascal's Triangle", "118 Pascal's Triangle\118 Pascal's Triangle.vcxproj", "{CDDF337C-D0F4-4432-9610-5A6CD864D19B}"
EndProject
Project("{8BC9CEB8-8B4A-11D0-8D11-00A0C91BC942}") = "119 Pascal's Triangle II", "119 Pascal's Triangle II\119 Pascal's Triangle II.vcxproj", "{D64794FE-BEE4-460F-AA83-A8BF4F349220}"
EndProject
Project("{8BC9CEB8-8B4A-11D0-8D11-00A0C91BC942}") = "3 Longest Substring Without Repeating Characters", "3 Longest Substring Without Repeating Characters\3 Longest Substring Without Repeating Characters.vcxproj", "{4C2BEDDF-3D27-4061-AD94-E8EC19380B0F}"
EndProject
Project("{8BC9CEB8-8B4A-11D0-8D11-00A0C91BC942}") = "4 Median of Two Sorted Arrays", "4 Median of Two Sorted Arrays\4 Median of Two Sorted Arrays.vcxproj", "{62692EF0-38A2-40E0-8CEC-1B4CAFEA9B5D}"
EndProject
Project("{8BC9CEB8-8B4A-11D0-8D11-00A0C91BC942}") = "5 Longest Palindromic Substring", "5 Longest Palindromic Substring\5 Longest Palindromic Substring.vcxproj", "{E4B997FB-8D2E-4148-90E9-E5A2E456F810}"
EndProject
Global
	GlobalSection(SolutionConfigurationPlatforms) = preSolution
		Debug|x64 = Debug|x64
		Debug|x86 = Debug|x86
		Release|x64 = Release|x64
		Release|x86 = Release|x86
	EndGlobalSection
	GlobalSection(ProjectConfigurationPlatforms) = postSolution
		{4FAEB6A0-CBBC-4619-96C5-3757CAE0F152}.Debug|x64.ActiveCfg = Debug|x64
		{4FAEB6A0-CBBC-4619-96C5-3757CAE0F152}.Debug|x64.Build.0 = Debug|x64
		{4FAEB6A0-CBBC-4619-96C5-3757CAE0F152}.Debug|x86.ActiveCfg = Debug|Win32
		{4FAEB6A0-CBBC-4619-96C5-3757CAE0F152}.Debug|x86.Build.0 = Debug|Win32
		{4FAEB6A0-CBBC-4619-96C5-3757CAE0F152}.Release|x64.ActiveCfg = Release|x64
		{4FAEB6A0-CBBC-4619-96C5-3757CAE0F152}.Release|x64.Build.0 = Release|x64
		{4FAEB6A0-CBBC-4619-96C5-3757CAE0F152}.Release|x86.ActiveCfg = Release|Win32
		{4FAEB6A0-CBBC-4619-96C5-3757CAE0F152}.Release|x86.Build.0 = Release|Win32
		{B4CC6A95-0570-4FD9-8BD9-F2D6EBBF3526}.Debug|x64.ActiveCfg = Debug|x64
		{B4CC6A95-0570-4FD9-8BD9-F2D6EBBF3526}.Debug|x64.Build.0 = Debug|x64
		{B4CC6A95-0570-4FD9-8BD9-F2D6EBBF3526}.Debug|x86.ActiveCfg = Debug|Win32
		{B4CC6A95-0570-4FD9-8BD9-F2D6EBBF3526}.Debug|x86.Build.0 = Debug|Win32
		{B4CC6A95-0570-4FD9-8BD9-F2D6EBBF3526}.Release|x64.ActiveCfg = Release|x64
		{B4CC6A95-0570-4FD9-8BD9-F2D6EBBF3526}.Release|x64.Build.0 = Release|x64
		{B4CC6A95-0570-4FD9-8BD9-F2D6EBBF3526}.Release|x86.ActiveCfg = Release|Win32
		{B4CC6A95-0570-4FD9-8BD9-F2D6EBBF3526}.Release|x86.Build.0 = Release|Win32
		{5688B67E-EF18-4427-A78E-009A994A738E}.Debug|x64.ActiveCfg = Debug|x64
		{5688B67E-EF18-4427-A78E-009A994A738E}.Debug|x64.Build.0 = Debug|x64
		{5688B67E-EF18-4427-A78E-009A994A738E}.Debug|x86.ActiveCfg = Debug|Win32
		{5688B67E-EF18-4427-A78E-009A994A738E}.Debug|x86.Build.0 = Debug|Win32
		{5688B67E-EF18-4427-A78E-009A994A738E}.Release|x64.ActiveCfg = Release|x64
		{5688B67E-EF18-4427-A78E-009A994A738E}.Release|x64.Build.0 = Release|x64
		{5688B67E-EF18-4427-A78E-009A994A738E}.Release|x86.ActiveCfg = Release|Win32
		{5688B67E-EF18-4427-A78E-009A994A738E}.Release|x86.Build.0 = Release|Win32
		{AED562E9-4546-4812-A8E4-2DDAC43B1F98}.Debug|x64.ActiveCfg = Debug|x64
		{AED562E9-4546-4812-A8E4-2DDAC43B1F98}.Debug|x64.Build.0 = Debug|x64
		{AED562E9-4546-4812-A8E4-2DDAC43B1F98}.Debug|x86.ActiveCfg = Debug|Win32
		{AED562E9-4546-4812-A8E4-2DDAC43B1F98}.Debug|x86.Build.0 = Debug|Win32
		{AED562E9-4546-4812-A8E4-2DDAC43B1F98}.Release|x64.ActiveCfg = Release|x64
		{AED562E9-4546-4812-A8E4-2DDAC43B1F98}.Release|x64.Build.0 = Release|x64
		{AED562E9-4546-4812-A8E4-2DDAC43B1F98}.Release|x86.ActiveCfg = Release|Win32
		{AED562E9-4546-4812-A8E4-2DDAC43B1F98}.Release|x86.Build.0 = Release|Win32
		{FF937CC7-E140-448B-98AC-2A8F6CB69708}.Debug|x64.ActiveCfg = Debug|x64
		{FF937CC7-E140-448B-98AC-2A8F6CB69708}.Debug|x64.Build.0 = Debug|x64
		{FF937CC7-E140-448B-98AC-2A8F6CB69708}.Debug|x86.ActiveCfg = Debug|Win32
		{FF937CC7-E140-448B-98AC-2A8F6CB69708}.Debug|x86.Build.0 = Debug|Win32
		{FF937CC7-E140-448B-98AC-2A8F6CB69708}.Release|x64.ActiveCfg = Release|x64
		{FF937CC7-E140-448B-98AC-2A8F6CB69708}.Release|x64.Build.0 = Release|x64
		{FF937CC7-E140-448B-98AC-2A8F6CB69708}.Release|x86.ActiveCfg = Release|Win32
		{FF937CC7-E140-448B-98AC-2A8F6CB69708}.Release|x86.Build.0 = Release|Win32
		{EF996005-2FBD-4287-AD83-4B0F5514FF4C}.Debug|x64.ActiveCfg = Debug|x64
		{EF996005-2FBD-4287-AD83-4B0F5514FF4C}.Debug|x64.Build.0 = Debug|x64
		{EF996005-2FBD-4287-AD83-4B0F5514FF4C}.Debug|x86.ActiveCfg = Debug|Win32
		{EF996005-2FBD-4287-AD83-4B0F5514FF4C}.Debug|x86.Build.0 = Debug|Win32
		{EF996005-2FBD-4287-AD83-4B0F5514FF4C}.Release|x64.ActiveCfg = Release|x64
		{EF996005-2FBD-4287-AD83-4B0F5514FF4C}.Release|x64.Build.0 = Release|x64
		{EF996005-2FBD-4287-AD83-4B0F5514FF4C}.Release|x86.ActiveCfg = Release|Win32
		{EF996005-2FBD-4287-AD83-4B0F5514FF4C}.Release|x86.Build.0 = Release|Win32
		{A03CAE98-ECD5-4400-A540-FCBC0CF35E3F}.Debug|x64.ActiveCfg = Debug|x64
		{A03CAE98-ECD5-4400-A540-FCBC0CF35E3F}.Debug|x64.Build.0 = Debug|x64
		{A03CAE98-ECD5-4400-A540-FCBC0CF35E3F}.Debug|x86.ActiveCfg = Debug|Win32
		{A03CAE98-ECD5-4400-A540-FCBC0CF35E3F}.Debug|x86.Build.0 = Debug|Win32
		{A03CAE98-ECD5-4400-A540-FCBC0CF35E3F}.Release|x64.ActiveCfg = Release|x64
		{A03CAE98-ECD5-4400-A540-FCBC0CF35E3F}.Release|x64.Build.0 = Release|x64
		{A03CAE98-ECD5-4400-A540-FCBC0CF35E3F}.Release|x86.ActiveCfg = Release|Win32
		{A03CAE98-ECD5-4400-A540-FCBC0CF35E3F}.Release|x86.Build.0 = Release|Win32
		{A1506845-3906-4D2A-975D-D595E5692FBA}.Debug|x64.ActiveCfg = Debug|x64
		{A1506845-3906-4D2A-975D-D595E5692FBA}.Debug|x64.Build.0 = Debug|x64
		{A1506845-3906-4D2A-975D-D595E5692FBA}.Debug|x86.ActiveCfg = Debug|Win32
		{A1506845-3906-4D2A-975D-D595E5692FBA}.Debug|x86.Build.0 = Debug|Win32
		{A1506845-3906-4D2A-975D-D595E5692FBA}.Release|x64.ActiveCfg = Release|x64
		{A1506845-3906-4D2A-975D-D595E5692FBA}.Release|x64.Build.0 = Release|x64
		{A1506845-3906-4D2A-975D-D595E5692FBA}.Release|x86.ActiveCfg = Release|Win32
		{A1506845-3906-4D2A-975D-D595E5692FBA}.Release|x86.Build.0 = Release|Win32
		{7250B98C-41AB-4E69-8CCB-489144D26F75}.Debug|x64.ActiveCfg = Debug|x64
		{7250B98C-41AB-4E69-8CCB-489144D26F75}.Debug|x64.Build.0 = Debug|x64
		{7250B98C-41AB-4E69-8CCB-489144D26F75}.Debug|x86.ActiveCfg = Debug|Win32
		{7250B98C-41AB-4E69-8CCB-489144D26F75}.Debug|x86.Build.0 = Debug|Win32
		{7250B98C-41AB-4E69-8CCB-489144D26F75}.Release|x64.ActiveCfg = Release|x64
		{7250B98C-41AB-4E69-8CCB-489144D26F75}.Release|x64.Build.0 = Release|x64
		{7250B98C-41AB-4E69-8CCB-489144D26F75}.Release|x86.ActiveCfg = Release|Win32
		{7250B98C-41AB-4E69-8CCB-489144D26F75}.Release|x86.Build.0 = Release|Win32
		{BEDF6D8D-6592-4EE7-9106-BAD66B637BD9}.Debug|x64.ActiveCfg = Debug|x64
		{BEDF6D8D-6592-4EE7-9106-BAD66B637BD9}.Debug|x64.Build.0 = Debug|x64
		{BEDF6D8D-6592-4EE7-9106-BAD66B637BD9}.Debug|x86.ActiveCfg = Debug|Win32
		{BEDF6D8D-6592-4EE7-9106-BAD66B637BD9}.Debug|x86.Build.0 = Debug|Win32
		{BEDF6D8D-6592-4EE7-9106-BAD66B637BD9}.Release|x64.ActiveCfg = Release|x64
		{BEDF6D8D-6592-4EE7-9106-BAD66B637BD9}.Release|x64.Build.0 = Release|x64
		{BEDF6D8D-6592-4EE7-9106-BAD66B637BD9}.Release|x86.ActiveCfg = Release|Win32
		{BEDF6D8D-6592-4EE7-9106-BAD66B637BD9}.Release|x86.Build.0 = Release|Win32
		{BD811B60-FA5D-4D65-ACE4-E751A7D5B570}.Debug|x64.ActiveCfg = Debug|x64
		{BD811B60-FA5D-4D65-ACE4-E751A7D5B570}.Debug|x64.Build.0 = Debug|x64
		{BD811B60-FA5D-4D65-ACE4-E751A7D5B570}.Debug|x86.ActiveCfg = Debug|Win32
		{BD811B60-FA5D-4D65-ACE4-E751A7D5B570}.Debug|x86.Build.0 = Debug|Win32
		{BD811B60-FA5D-4D65-ACE4-E751A7D5B570}.Release|x64.ActiveCfg = Release|x64
		{BD811B60-FA5D-4D65-ACE4-E751A7D5B570}.Release|x64.Build.0 = Release|x64
		{BD811B60-FA5D-4D65-ACE4-E751A7D5B570}.Release|x86.ActiveCfg = Release|Win32
		{BD811B60-FA5D-4D65-ACE4-E751A7D5B570}.Release|x86.Build.0 = Release|Win32
		{E3F6715C-2AA8-4B08-A9DC-4635FBC2A8CB}.Debug|x64.ActiveCfg = Debug|x64
		{E3F6715C-2AA8-4B08-A9DC-4635FBC2A8CB}.Debug|x64.Build.0 = Debug|x64
		{E3F6715C-2AA8-4B08-A9DC-4635FBC2A8CB}.Debug|x86.ActiveCfg = Debug|Win32
		{E3F6715C-2AA8-4B08-A9DC-4635FBC2A8CB}.Debug|x86.Build.0 = Debug|Win32
		{E3F6715C-2AA8-4B08-A9DC-4635FBC2A8CB}.Release|x64.ActiveCfg = Release|x64
		{E3F6715C-2AA8-4B08-A9DC-4635FBC2A8CB}.Release|x64.Build.0 = Release|x64
		{E3F6715C-2AA8-4B08-A9DC-4635FBC2A8CB}.Release|x86.ActiveCfg = Release|Win32
		{E3F6715C-2AA8-4B08-A9DC-4635FBC2A8CB}.Release|x86.Build.0 = Release|Win32
		{8CBBAFFA-AC6A-42C5-9C4A-352C4B1DA24A}.Debug|x64.ActiveCfg = Debug|x64
		{8CBBAFFA-AC6A-42C5-9C4A-352C4B1DA24A}.Debug|x64.Build.0 = Debug|x64
		{8CBBAFFA-AC6A-42C5-9C4A-352C4B1DA24A}.Debug|x86.ActiveCfg = Debug|Win32
		{8CBBAFFA-AC6A-42C5-9C4A-352C4B1DA24A}.Debug|x86.Build.0 = Debug|Win32
		{8CBBAFFA-AC6A-42C5-9C4A-352C4B1DA24A}.Release|x64.ActiveCfg = Release|x64
		{8CBBAFFA-AC6A-42C5-9C4A-352C4B1DA24A}.Release|x64.Build.0 = Release|x64
		{8CBBAFFA-AC6A-42C5-9C4A-352C4B1DA24A}.Release|x86.ActiveCfg = Release|Win32
		{8CBBAFFA-AC6A-42C5-9C4A-352C4B1DA24A}.Release|x86.Build.0 = Release|Win32
		{68322C90-E784-4C3E-94D7-ED2F20193405}.Debug|x64.ActiveCfg = Debug|x64
		{68322C90-E784-4C3E-94D7-ED2F20193405}.Debug|x64.Build.0 = Debug|x64
		{68322C90-E784-4C3E-94D7-ED2F20193405}.Debug|x86.ActiveCfg = Debug|Win32
		{68322C90-E784-4C3E-94D7-ED2F20193405}.Debug|x86.Build.0 = Debug|Win32
		{68322C90-E784-4C3E-94D7-ED2F20193405}.Release|x64.ActiveCfg = Release|x64
		{68322C90-E784-4C3E-94D7-ED2F20193405}.Release|x64.Build.0 = Release|x64
		{68322C90-E784-4C3E-94D7-ED2F20193405}.Release|x86.ActiveCfg = Release|Win32
		{68322C90-E784-4C3E-94D7-ED2F20193405}.Release|x86.Build.0 = Release|Win32
		{78F60DB7-05EA-4981-A704-ECDE7431FAE0}.Debug|x64.ActiveCfg = Debug|x64
		{78F60DB7-05EA-4981-A704-ECDE7431FAE0}.Debug|x64.Build.0 = Debug|x64
		{78F60DB7-05EA-4981-A704-ECDE7431FAE0}.Debug|x86.ActiveCfg = Debug|Win32
		{78F60DB7-05EA-4981-A704-ECDE7431FAE0}.Debug|x86.Build.0 = Debug|Win32
		{78F60DB7-05EA-4981-A704-ECDE7431FAE0}.Release|x64.ActiveCfg = Release|x64
		{78F60DB7-05EA-4981-A704-ECDE7431FAE0}.Release|x64.Build.0 = Release|x64
		{78F60DB7-05EA-4981-A704-ECDE7431FAE0}.Release|x86.ActiveCfg = Release|Win32
		{78F60DB7-05EA-4981-A704-ECDE7431FAE0}.Release|x86.Build.0 = Release|Win32
		{EBF686A5-D4FB-4176-81CD-9DA445661E4E}.Debug|x64.ActiveCfg = Debug|x64
		{EBF686A5-D4FB-4176-81CD-9DA445661E4E}.Debug|x64.Build.0 = Debug|x64
		{EBF686A5-D4FB-4176-81CD-9DA445661E4E}.Debug|x86.ActiveCfg = Debug|Win32
		{EBF686A5-D4FB-4176-81CD-9DA445661E4E}.Debug|x86.Build.0 = Debug|Win32
		{EBF686A5-D4FB-4176-81CD-9DA445661E4E}.Release|x64.ActiveCfg = Release|x64
		{EBF686A5-D4FB-4176-81CD-9DA445661E4E}.Release|x64.Build.0 = Release|x64
		{EBF686A5-D4FB-4176-81CD-9DA445661E4E}.Release|x86.ActiveCfg = Release|Win32
		{EBF686A5-D4FB-4176-81CD-9DA445661E4E}.Release|x86.Build.0 = Release|Win32
		{2A7454F0-1F20-4F3A-B53E-10D3EE0135DC}.Debug|x64.ActiveCfg = Debug|x64
		{2A7454F0-1F20-4F3A-B53E-10D3EE0135DC}.Debug|x64.Build.0 = Debug|x64
		{2A7454F0-1F20-4F3A-B53E-10D3EE0135DC}.Debug|x86.ActiveCfg = Debug|Win32
		{2A7454F0-1F20-4F3A-B53E-10D3EE0135DC}.Debug|x86.Build.0 = Debug|Win32
		{2A7454F0-1F20-4F3A-B53E-10D3EE0135DC}.Release|x64.ActiveCfg = Release|x64
		{2A7454F0-1F20-4F3A-B53E-10D3EE0135DC}.Release|x64.Build.0 = Release|x64
		{2A7454F0-1F20-4F3A-B53E-10D3EE0135DC}.Release|x86.ActiveCfg = Release|Win32
		{2A7454F0-1F20-4F3A-B53E-10D3EE0135DC}.Release|x86.Build.0 = Release|Win32
		{0B5C09A4-9470-4E99-BD51-C7C5F879EE58}.Debug|x64.ActiveCfg = Debug|x64
		{0B5C09A4-9470-4E99-BD51-C7C5F879EE58}.Debug|x64.Build.0 = Debug|x64
		{0B5C09A4-9470-4E99-BD51-C7C5F879EE58}.Debug|x86.ActiveCfg = Debug|Win32
		{0B5C09A4-9470-4E99-BD51-C7C5F879EE58}.Debug|x86.Build.0 = Debug|Win32
		{0B5C09A4-9470-4E99-BD51-C7C5F879EE58}.Release|x64.ActiveCfg = Release|x64
		{0B5C09A4-9470-4E99-BD51-C7C5F879EE58}.Release|x64.Build.0 = Release|x64
		{0B5C09A4-9470-4E99-BD51-C7C5F879EE58}.Release|x86.ActiveCfg = Release|Win32
		{0B5C09A4-9470-4E99-BD51-C7C5F879EE58}.Release|x86.Build.0 = Release|Win32
		{7820F62B-70C9-4B43-880F-D0720BC5B55A}.Debug|x64.ActiveCfg = Debug|x64
		{7820F62B-70C9-4B43-880F-D0720BC5B55A}.Debug|x64.Build.0 = Debug|x64
		{7820F62B-70C9-4B43-880F-D0720BC5B55A}.Debug|x86.ActiveCfg = Debug|Win32
		{7820F62B-70C9-4B43-880F-D0720BC5B55A}.Debug|x86.Build.0 = Debug|Win32
		{7820F62B-70C9-4B43-880F-D0720BC5B55A}.Release|x64.ActiveCfg = Release|x64
		{7820F62B-70C9-4B43-880F-D0720BC5B55A}.Release|x64.Build.0 = Release|x64
		{7820F62B-70C9-4B43-880F-D0720BC5B55A}.Release|x86.ActiveCfg = Release|Win32
		{7820F62B-70C9-4B43-880F-D0720BC5B55A}.Release|x86.Build.0 = Release|Win32
		{7FF87F27-5AEB-42F3-AA13-E620E71C73A4}.Debug|x64.ActiveCfg = Debug|x64
		{7FF87F27-5AEB-42F3-AA13-E620E71C73A4}.Debug|x64.Build.0 = Debug|x64
		{7FF87F27-5AEB-42F3-AA13-E620E71C73A4}.Debug|x86.ActiveCfg = Debug|Win32
		{7FF87F27-5AEB-42F3-AA13-E620E71C73A4}.Debug|x86.Build.0 = Debug|Win32
		{7FF87F27-5AEB-42F3-AA13-E620E71C73A4}.Release|x64.ActiveCfg = Release|x64
		{7FF87F27-5AEB-42F3-AA13-E620E71C73A4}.Release|x64.Build.0 = Release|x64
		{7FF87F27-5AEB-42F3-AA13-E620E71C73A4}.Release|x86.ActiveCfg = Release|Win32
		{7FF87F27-5AEB-42F3-AA13-E620E71C73A4}.Release|x86.Build.0 = Release|Win32
		{EF34D2F6-A4EF-4905-BD81-E11D602A8C03}.Debug|x64.ActiveCfg = Debug|x64
		{EF34D2F6-A4EF-4905-BD81-E11D602A8C03}.Debug|x64.Build.0 = Debug|x64
		{EF34D2F6-A4EF-4905-BD81-E11D602A8C03}.Debug|x86.ActiveCfg = Debug|Win32
		{EF34D2F6-A4EF-4905-BD81-E11D602A8C03}.Debug|x86.Build.0 = Debug|Win32
		{EF34D2F6-A4EF-4905-BD81-E11D602A8C03}.Release|x64.ActiveCfg = Release|x64
		{EF34D2F6-A4EF-4905-BD81-E11D602A8C03}.Release|x64.Build.0 = Release|x64
		{EF34D2F6-A4EF-4905-BD81-E11D602A8C03}.Release|x86.ActiveCfg = Release|Win32
		{EF34D2F6-A4EF-4905-BD81-E11D602A8C03}.Release|x86.Build.0 = Release|Win32
		{CDDF337C-D0F4-4432-9610-5A6CD864D19B}.Debug|x64.ActiveCfg = Debug|x64
		{CDDF337C-D0F4-4432-9610-5A6CD864D19B}.Debug|x64.Build.0 = Debug|x64
		{CDDF337C-D0F4-4432-9610-5A6CD864D19B}.Debug|x86.ActiveCfg = Debug|Win32
		{CDDF337C-D0F4-4432-9610-5A6CD864D19B}.Debug|x86.Build.0 = Debug|Win32
		{CDDF337C-D0F4-4432-9610-5A6CD864D19B}.Release|x64.ActiveCfg = Release|x64
		{CDDF337C-D0F4-4432-9610-5A6CD864D19B}.Release|x64.Build.0 = Release|x64
		{CDDF337C-D0F4-4432-9610-5A6CD864D19B}.Release|x86.ActiveCfg = Release|Win32
		{CDDF337C-D0F4-4432-9610-5A6CD864D19B}.Release|x86.Build.0 = Release|Win32
		{D64794FE-BEE4-460F-AA83-A8BF4F349220}.Debug|x64.ActiveCfg = Debug|x64
		{D64794FE-BEE4-460F-AA83-A8BF4F349220}.Debug|x64.Build.0 = Debug|x64
		{D64794FE-BEE4-460F-AA83-A8BF4F349220}.Debug|x86.ActiveCfg = Debug|Win32
		{D64794FE-BEE4-460F-AA83-A8BF4F349220}.Debug|x86.Build.0 = Debug|Win32
		{D64794FE-BEE4-460F-AA83-A8BF4F349220}.Release|x64.ActiveCfg = Release|x64
		{D64794FE-BEE4-460F-AA83-A8BF4F349220}.Release|x64.Build.0 = Release|x64
		{D64794FE-BEE4-460F-AA83-A8BF4F349220}.Release|x86.ActiveCfg = Release|Win32
		{D64794FE-BEE4-460F-AA83-A8BF4F349220}.Release|x86.Build.0 = Release|Win32
		{4C2BEDDF-3D27-4061-AD94-E8EC19380B0F}.Debug|x64.ActiveCfg = Debug|x64
		{4C2BEDDF-3D27-4061-AD94-E8EC19380B0F}.Debug|x64.Build.0 = Debug|x64
		{4C2BEDDF-3D27-4061-AD94-E8EC19380B0F}.Debug|x86.ActiveCfg = Debug|Win32
		{4C2BEDDF-3D27-4061-AD94-E8EC19380B0F}.Debug|x86.Build.0 = Debug|Win32
		{4C2BEDDF-3D27-4061-AD94-E8EC19380B0F}.Release|x64.ActiveCfg = Release|x64
		{4C2BEDDF-3D27-4061-AD94-E8EC19380B0F}.Release|x64.Build.0 = Release|x64
		{4C2BEDDF-3D27-4061-AD94-E8EC19380B0F}.Release|x86.ActiveCfg = Release|Win32
		{4C2BEDDF-3D27-4061-AD94-E8EC19380B0F}.Release|x86.Build.0 = Release|Win32
		{62692EF0-38A2-40E0-8CEC-1B4CAFEA9B5D}.Debug|x64.ActiveCfg = Debug|x64
		{62692EF0-38A2-40E0-8CEC-1B4CAFEA9B5D}.Debug|x64.Build.0 = Debug|x64
		{62692EF0-38A2-40E0-8CEC-1B4CAFEA9B5D}.Debug|x86.ActiveCfg = Debug|Win32
		{62692EF0-38A2-40E0-8CEC-1B4CAFEA9B5D}.Debug|x86.Build.0 = Debug|Win32
		{62692EF0-38A2-40E0-8CEC-1B4CAFEA9B5D}.Release|x64.ActiveCfg = Release|x64
		{62692EF0-38A2-40E0-8CEC-1B4CAFEA9B5D}.Release|x64.Build.0 = Release|x64
		{62692EF0-38A2-40E0-8CEC-1B4CAFEA9B5D}.Release|x86.ActiveCfg = Release|Win32
		{62692EF0-38A2-40E0-8CEC-1B4CAFEA9B5D}.Release|x86.Build.0 = Release|Win32
		{E4B997FB-8D2E-4148-90E9-E5A2E456F810}.Debug|x64.ActiveCfg = Debug|x64
		{E4B997FB-8D2E-4148-90E9-E5A2E456F810}.Debug|x64.Build.0 = Debug|x64
		{E4B997FB-8D2E-4148-90E9-E5A2E456F810}.Debug|x86.ActiveCfg = Debug|Win32
		{E4B997FB-8D2E-4148-90E9-E5A2E456F810}.Debug|x86.Build.0 = Debug|Win32
		{E4B997FB-8D2E-4148-90E9-E5A2E456F810}.Release|x64.ActiveCfg = Release|x64
		{E4B997FB-8D2E-4148-90E9-E5A2E456F810}.Release|x64.Build.0 = Release|x64
		{E4B997FB-8D2E-4148-90E9-E5A2E456F810}.Release|x86.ActiveCfg = Release|Win32
		{E4B997FB-8D2E-4148-90E9-E5A2E456F810}.Release|x86.Build.0 = Release|Win32
	EndGlobalSection
	GlobalSection(SolutionProperties) = preSolution
		HideSolutionNode = FALSE
	EndGlobalSection
EndGlobal
